
Microsoft Visual Studio Solution File, Format Version 12.00
# Visual Studio Version 17
VisualStudioVersion = 17.6.33801.468
MinimumVisualStudioVersion = 10.0.40219.1
Project("{9A19103F-16F7-4668-BE54-9A1E7A4F7556}") = "TLDHalloween", "TLDHalloween.csproj", "{33164A78-CF8B-407E-A253-3920CE7BA041}"
EndProject
Global
	GlobalSection(SolutionConfigurationPlatforms) = preSolution
		Debug|Any CPU = Debug|Any CPU
		Release|Any CPU = Release|Any CPU
	EndGlobalSection
	GlobalSection(ProjectConfigurationPlatforms) = postSolution
		{33164A78-CF8B-407E-A253-3920CE7BA041}.Debug|Any CPU.ActiveCfg = Debug|Any CPU
		{33164A78-CF8B-407E-A253-3920CE7BA041}.Debug|Any CPU.Build.0 = Debug|Any CPU
		{33164A78-CF8B-407E-A253-3920CE7BA041}.Release|Any CPU.ActiveCfg = Release|Any CPU
		{33164A78-CF8B-407E-A253-3920CE7BA041}.Release|Any CPU.Build.0 = Release|Any CPU
	EndGlobalSection
	GlobalSection(SolutionProperties) = preSolution
		HideSolutionNode = FALSE
	EndGlobalSection
	GlobalSection(ExtensibilityGlobals) = postSolution
		SolutionGuid = {F0855076-C081-4B4A-955E-29515DFF1DFF}
	EndGlobalSection
EndGlobal
